{
  "name": "@advanced-rest-client/auth-dialogs",
  "version": "3.0.0",
  "lockfileVersion": 1,
  "requires": true,
  "dependencies": {
    "@advanced-rest-client/arc-fit-mixin": {
      "version": "1.2.1",
      "resolved": "https://registry.npmjs.org/@advanced-rest-client/arc-fit-mixin/-/arc-fit-mixin-1.2.1.tgz",
      "integrity": "sha512-r7QWIOKRRY4+Cn7/cILJKMf63V5nlb/Ej6B58DftLXOMJ5hqKPKdJWuXB+DRHAwAEfF+FhCmY5HfibSmCskj+Q==",
      "requires": {
        "@open-wc/dedupe-mixin": "^1.3.0"
      }
    },
    "@advanced-rest-client/arc-icons": {
      "version": "3.1.2",
      "resolved": "https://registry.npmjs.org/@advanced-rest-client/arc-icons/-/arc-icons-3.1.2.tgz",
      "integrity": "sha512-tcEc7vIzgSPu3uWycvxXcrecl5aoXzXQPbpDGKEhL7k6rFH3h6QmPwNC+AQmYpBhJcVKRVuY42zcX+uXb92GYQ==",
      "requires": {
        "lit-element": "^2.4.0",
        "lit-html": "^1.3.0"
      }
    },
    "@advanced-rest-client/arc-overlay-mixin": {
      "version": "1.1.7",
      "resolved": "https://registry.npmjs.org/@advanced-rest-client/arc-overlay-mixin/-/arc-overlay-mixin-1.1.7.tgz",
      "integrity": "sha512-Q3JHK2F0S5lFv3Xrp9DYuswzXC0O421i3PkGELfaznvRnuOD/0r8irlgShWXWltQbl9A79uKG11mnfU37aRXUA==",
      "requires": {
        "@advanced-rest-client/arc-fit-mixin": "^1.2.1",
        "@advanced-rest-client/arc-resizable-mixin": "^1.1.2",
        "@open-wc/dedupe-mixin": "^1.3.0",
        "lit-element": "^2.4.0",
        "lit-html": "^1.3.0"
      }
    },
    "@advanced-rest-client/arc-resizable-mixin": {
      "version": "1.2.0",
      "resolved": "https://registry.npmjs.org/@advanced-rest-client/arc-resizable-mixin/-/arc-resizable-mixin-1.2.0.tgz",
      "integrity": "sha512-hc8XjY6CfQDANuf0TfsfE6EWJwlXBZTtmv2h4luLZgHz55XPlWO7w2XI/YAZX6xQpcsR3cGv0eDnj9CkOaCcCQ==",
      "requires": {
        "@open-wc/dedupe-mixin": "^1.3.0"
      }
    },
    "@anypoint-web-components/anypoint-button": {
      "version": "1.1.1",
      "resolved": "https://registry.npmjs.org/@anypoint-web-components/anypoint-button/-/anypoint-button-1.1.1.tgz",
      "integrity": "sha512-S+cfMd5GRepD+133ajGwCNGG+nzTQnH88kcXzbG+Nsl2yC7FQRNNO6N0VQFsfuRl7e+FwWAp3W2iM/HxoAO1kg==",
      "requires": {
        "@anypoint-web-components/anypoint-control-mixins": "^1.1.1",
        "@polymer/paper-ripple": "^3.0.2",
        "lit-element": "^2.3.1"
      }
    },
    "@anypoint-web-components/anypoint-control-mixins": {
      "version": "1.1.3",
      "resolved": "https://registry.npmjs.org/@anypoint-web-components/anypoint-control-mixins/-/anypoint-control-mixins-1.1.3.tgz",
      "integrity": "sha512-LRhwEav2ZpDBRKiGo3Upu4B0ur/j8+2JxeqHGwxcXc8ORuiJLVxcorURuKhLyvEjk5fP5pI0S0KGIUj66N1KQg==",
      "requires": {
        "@open-wc/dedupe-mixin": "^1.3.0"
      }
    },
    "@anypoint-web-components/anypoint-dialog": {
      "version": "0.1.6",
      "resolved": "https://registry.npmjs.org/@anypoint-web-components/anypoint-dialog/-/anypoint-dialog-0.1.6.tgz",
      "integrity": "sha512-BAne4mYs8zp2RlzoB8RWDqRIHvke7ezMQj8qGT6xgHO96j5p8uF2tjbaX5Py50JXeMDsvj8JuZUPJFlzqAxWOA==",
      "requires": {
        "@advanced-rest-client/arc-overlay-mixin": "^1.1.6",
        "@open-wc/dedupe-mixin": "^1.3.0",
        "lit-element": "^2.4.0",
        "lit-html": "^1.3.0"
      }
    },
    "@anypoint-web-components/anypoint-input": {
      "version": "0.2.23",
      "resolved": "https://registry.npmjs.org/@anypoint-web-components/anypoint-input/-/anypoint-input-0.2.23.tgz",
      "integrity": "sha512-nM1cOXJPuSh1maNsM34YmrQDgGSynF5ZuvG3s9Q3jmv+uaf7RtIj94tO/+TZ8RkHSZJ2FtUl0FsWEtP6bTPfNw==",
      "requires": {
        "@advanced-rest-client/arc-icons": "^3.1.2",
        "@anypoint-web-components/anypoint-button": "^1.1.1",
        "@anypoint-web-components/anypoint-control-mixins": "^1.1.3",
        "@anypoint-web-components/validatable-mixin": "^1.1.3",
        "@open-wc/dedupe-mixin": "^1.3.0",
        "lit-element": "^2.4.0",
        "lit-html": "^1.3.0"
      }
    },
    "@anypoint-web-components/validatable-mixin": {
      "version": "1.1.3",
      "resolved": "https://registry.npmjs.org/@anypoint-web-components/validatable-mixin/-/validatable-mixin-1.1.3.tgz",
      "integrity": "sha512-cObFmNCIWxbGoYEO7cMUEEB4LQ4n3HEgk1gS7LB/TZSvXzzth00f3lbxkvQsubBIFVEOKFUq5Lo8vuG81t0/2w==",
      "requires": {
        "@anypoint-web-components/validator-mixin": "^1.1.1",
        "@open-wc/dedupe-mixin": "^1.3.0"
      }
    },
    "@anypoint-web-components/validator-mixin": {
      "version": "1.1.1",
      "resolved": "https://registry.npmjs.org/@anypoint-web-components/validator-mixin/-/validator-mixin-1.1.1.tgz",
      "integrity": "sha512-SHBFXn/uHP5ptQY/ZV/DzEb0dBYldQF1Rti1q+3lfbUcYiA59QdfsPvOmre6a64NeaHagV/aMd4zj3FNH5hAXg==",
      "requires": {
        "@open-wc/dedupe-mixin": "^1.2.17"
      }
    },
    "@open-wc/dedupe-mixin": {
      "version": "1.3.0",
      "resolved": "https://registry.npmjs.org/@open-wc/dedupe-mixin/-/dedupe-mixin-1.3.0.tgz",
      "integrity": "sha512-UfdK1MPnR6T7f3svzzYBfu3qBkkZ/KsPhcpc3JYhsUY4hbpwNF9wEQtD4Z+/mRqMTJrKg++YSxIxE0FBhY3RIw=="
    },
    "@polymer/iron-a11y-keys-behavior": {
      "version": "3.0.1",
      "resolved": "https://registry.npmjs.org/@polymer/iron-a11y-keys-behavior/-/iron-a11y-keys-behavior-3.0.1.tgz",
      "integrity": "sha512-lnrjKq3ysbBPT/74l0Fj0U9H9C35Tpw2C/tpJ8a+5g8Y3YJs1WSZYnEl1yOkw6sEyaxOq/1DkzH0+60gGu5/PQ==",
      "requires": {
        "@polymer/polymer": "^3.0.0"
      }
    },
    "@polymer/paper-ripple": {
      "version": "3.0.2",
      "resolved": "https://registry.npmjs.org/@polymer/paper-ripple/-/paper-ripple-3.0.2.tgz",
      "integrity": "sha512-DnLNvYIMsiayeICroYxx6Q6Hg1cUU8HN2sbutXazlemAlGqdq80qz3TIaVdbpbt/pvjcFGX2HtntMlPstCge8Q==",
      "requires": {
        "@polymer/iron-a11y-keys-behavior": "^3.0.0-pre.26",
        "@polymer/polymer": "^3.0.0"
      }
    },
    "@polymer/polymer": {
      "version": "3.4.1",
      "resolved": "https://registry.npmjs.org/@polymer/polymer/-/polymer-3.4.1.tgz",
      "integrity": "sha512-KPWnhDZibtqKrUz7enIPOiO4ZQoJNOuLwqrhV2MXzIt3VVnUVJVG5ORz4Z2sgO+UZ+/UZnPD0jqY+jmw/+a9mQ==",
      "requires": {
        "@webcomponents/shadycss": "^1.9.1"
      }
    },
    "@webcomponents/shadycss": {
      "version": "1.10.2",
      "resolved": "https://registry.npmjs.org/@webcomponents/shadycss/-/shadycss-1.10.2.tgz",
      "integrity": "sha512-9Iseu8bRtecb0klvv+WXZOVZatsRkbaH7M97Z+f+Pt909R4lDfgUODAnra23DOZTpeMTAkVpf4m/FZztN7Ox1A=="
    },
    "lit-element": {
      "version": "2.4.0",
      "resolved": "https://registry.npmjs.org/lit-element/-/lit-element-2.4.0.tgz",
      "integrity": "sha512-pBGLglxyhq/Prk2H91nA0KByq/hx/wssJBQFiYqXhGDvEnY31PRGYf1RglVzyLeRysu0IHm2K0P196uLLWmwFg==",
      "requires": {
        "lit-html": "^1.1.1"
      }
    },
    "lit-html": {
      "version": "1.3.0",
      "resolved": "https://registry.npmjs.org/lit-html/-/lit-html-1.3.0.tgz",
      "integrity": "sha512-0Q1bwmaFH9O14vycPHw8C/IeHMk/uSDldVLIefu/kfbTBGIc44KGH6A8p1bDfxUfHdc8q6Ct7kQklWoHgr4t1Q=="
    }
  }
}
